
Microsoft Visual Studio Solution File, Format Version 12.00
# Visual Studio Version 17
VisualStudioVersion = 17.8.34330.188
MinimumVisualStudioVersion = 10.0.40219.1
Project("{FAE04EC0-301F-11D3-BF4B-00C04F79EFBC}") = "PruebasOlimpicas", "PruebasOlimpicas\PruebasOlimpicas.csproj", "{9B77FD47-4959-4DFD-96A5-A2B2F3EFADBA}"
EndProject
Global
	GlobalSection(SolutionConfigurationPlatforms) = preSolution
		Debug|Any CPU = Debug|Any CPU
		Release|Any CPU = Release|Any CPU
	EndGlobalSection
	GlobalSection(ProjectConfigurationPlatforms) = postSolution
		{9B77FD47-4959-4DFD-96A5-A2B2F3EFADBA}.Debug|Any CPU.ActiveCfg = Debug|Any CPU
		{9B77FD47-4959-4DFD-96A5-A2B2F3EFADBA}.Debug|Any CPU.Build.0 = Debug|Any CPU
		{9B77FD47-4959-4DFD-96A5-A2B2F3EFADBA}.Release|Any CPU.ActiveCfg = Release|Any CPU
		{9B77FD47-4959-4DFD-96A5-A2B2F3EFADBA}.Release|Any CPU.Build.0 = Release|Any CPU
	EndGlobalSection
	GlobalSection(SolutionProperties) = preSolution
		HideSolutionNode = FALSE
	EndGlobalSection
	GlobalSection(ExtensibilityGlobals) = postSolution
		SolutionGuid = {B621AF26-F84C-4233-A24F-B5E53CB26286}
	EndGlobalSection
EndGlobal
